// !$*UTF8*$!
{
	archiveVersion = 1;
	classes = {
	};
	objectVersion = 46;
	objects = {

/* Begin PBXBuildFile section */
		49C219209396D8B2A5534913 /* Pods_Tweeter.framework in Frameworks */ = {isa = PBXBuildFile; fileRef = BF6B06A2ECA2DEA619A2139A /* Pods_Tweeter.framework */; };
		713D2E9BA415365B543F3BFB /* Pods_TweeterTests.framework in Frameworks */ = {isa = PBXBuildFile; fileRef = A549E02D73FD2D6317DDA379 /* Pods_TweeterTests.framework */; };
		927F8F44021669F8343009F1 /* Pods_TweeterUITests.framework in Frameworks */ = {isa = PBXBuildFile; fileRef = 23AD051A324803A9F4620ED5 /* Pods_TweeterUITests.framework */; };
		A513D90A1E9EFC41001329F1 /* AppDelegate.swift in Sources */ = {isa = PBXBuildFile; fileRef = A513D9091E9EFC41001329F1 /* AppDelegate.swift */; };
		A513D90F1E9EFC41001329F1 /* Main.storyboard in Resources */ = {isa = PBXBuildFile; fileRef = A513D90D1E9EFC41001329F1 /* Main.storyboard */; };
		A513D9111E9EFC41001329F1 /* Assets.xcassets in Resources */ = {isa = PBXBuildFile; fileRef = A513D9101E9EFC41001329F1 /* Assets.xcassets */; };
		A513D9141E9EFC41001329F1 /* LaunchScreen.storyboard in Resources */ = {isa = PBXBuildFile; fileRef = A513D9121E9EFC41001329F1 /* LaunchScreen.storyboard */; };
		A513D91F1E9EFC41001329F1 /* TweeterTests.swift in Sources */ = {isa = PBXBuildFile; fileRef = A513D91E1E9EFC41001329F1 /* TweeterTests.swift */; };
		A513D92A1E9EFC41001329F1 /* TweeterUITests.swift in Sources */ = {isa = PBXBuildFile; fileRef = A513D9291E9EFC41001329F1 /* TweeterUITests.swift */; };
		A513D9381E9EFFD8001329F1 /* LoginViewController.swift in Sources */ = {isa = PBXBuildFile; fileRef = A513D9371E9EFFD8001329F1 /* LoginViewController.swift */; };
		A513D9B71EA083B4001329F1 /* User.swift in Sources */ = {isa = PBXBuildFile; fileRef = A513D9B61EA083B4001329F1 /* User.swift */; };
		A513D9B91EA083CD001329F1 /* Tweet.swift in Sources */ = {isa = PBXBuildFile; fileRef = A513D9B81EA083CD001329F1 /* Tweet.swift */; };
		A513D9BB1EA1A15A001329F1 /* TwitterClient.swift in Sources */ = {isa = PBXBuildFile; fileRef = A513D9BA1EA1A15A001329F1 /* TwitterClient.swift */; };
		A513D9BD1EA298D1001329F1 /* TweetsViewController.swift in Sources */ = {isa = PBXBuildFile; fileRef = A513D9BC1EA298D1001329F1 /* TweetsViewController.swift */; };
		A513D9BF1EA2A2BF001329F1 /* TweetCell.swift in Sources */ = {isa = PBXBuildFile; fileRef = A513D9BE1EA2A2BF001329F1 /* TweetCell.swift */; };
		A513D9C11EA3DF7C001329F1 /* ComposeViewController.swift in Sources */ = {isa = PBXBuildFile; fileRef = A513D9C01EA3DF7C001329F1 /* ComposeViewController.swift */; };
		A513D9CB1EA49ABB001329F1 /* DetailViewController.swift in Sources */ = {isa = PBXBuildFile; fileRef = A513D9C21EA3DF9C001329F1 /* DetailViewController.swift */; };
		A52D72151EA9866F004AC766 /* HamburgerViewController.swift in Sources */ = {isa = PBXBuildFile; fileRef = A52D72131EA9866F004AC766 /* HamburgerViewController.swift */; };
		A52D72161EA9866F004AC766 /* HamburgerViewController.xib in Resources */ = {isa = PBXBuildFile; fileRef = A52D72141EA9866F004AC766 /* HamburgerViewController.xib */; };
/* End PBXBuildFile section */

/* Begin PBXContainerItemProxy section */
		A513D91B1E9EFC41001329F1 /* PBXContainerItemProxy */ = {
			isa = PBXContainerItemProxy;
			containerPortal = A513D8FE1E9EFC41001329F1 /* Project object */;
			proxyType = 1;
			remoteGlobalIDString = A513D9051E9EFC41001329F1;
			remoteInfo = Tweeter;
		};
		A513D9261E9EFC41001329F1 /* PBXContainerItemProxy */ = {
			isa = PBXContainerItemProxy;
			containerPortal = A513D8FE1E9EFC41001329F1 /* Project object */;
			proxyType = 1;
			remoteGlobalIDString = A513D9051E9EFC41001329F1;
			remoteInfo = Tweeter;
		};
/* End PBXContainerItemProxy section */

/* Begin PBXFileReference section */
		23AD051A324803A9F4620ED5 /* Pods_TweeterUITests.framework */ = {isa = PBXFileReference; explicitFileType = wrapper.framework; includeInIndex = 0; path = Pods_TweeterUITests.framework; sourceTree = BUILT_PRODUCTS_DIR; };
		3462DBEB8D3A2405D9257751 /* Pods-TweeterUITests.release.xcconfig */ = {isa = PBXFileReference; includeInIndex = 1; lastKnownFileType = text.xcconfig; name = "Pods-TweeterUITests.release.xcconfig"; path = "Pods/Target Support Files/Pods-TweeterUITests/Pods-TweeterUITests.release.xcconfig"; sourceTree = "<group>"; };
		58E90BFE0E81BE55B8E1217A /* Pods-Tweeter.debug.xcconfig */ = {isa = PBXFileReference; includeInIndex = 1; lastKnownFileType = text.xcconfig; name = "Pods-Tweeter.debug.xcconfig"; path = "Pods/Target Support Files/Pods-Tweeter/Pods-Tweeter.debug.xcconfig"; sourceTree = "<group>"; };
		A513D9061E9EFC41001329F1 /* Tweeter.app */ = {isa = PBXFileReference; explicitFileType = wrapper.application; includeInIndex = 0; path = Tweeter.app; sourceTree = BUILT_PRODUCTS_DIR; };
		A513D9091E9EFC41001329F1 /* AppDelegate.swift */ = {isa = PBXFileReference; lastKnownFileType = sourcecode.swift; path = AppDelegate.swift; sourceTree = "<group>"; };
		A513D90E1E9EFC41001329F1 /* Base */ = {isa = PBXFileReference; lastKnownFileType = file.storyboard; name = Base; path = Base.lproj/Main.storyboard; sourceTree = "<group>"; };
		A513D9101E9EFC41001329F1 /* Assets.xcassets */ = {isa = PBXFileReference; lastKnownFileType = folder.assetcatalog; path = Assets.xcassets; sourceTree = "<group>"; };
		A513D9131E9EFC41001329F1 /* Base */ = {isa = PBXFileReference; lastKnownFileType = file.storyboard; name = Base; path = Base.lproj/LaunchScreen.storyboard; sourceTree = "<group>"; };
		A513D9151E9EFC41001329F1 /* Info.plist */ = {isa = PBXFileReference; lastKnownFileType = text.plist.xml; path = Info.plist; sourceTree = "<group>"; };
		A513D91A1E9EFC41001329F1 /* TweeterTests.xctest */ = {isa = PBXFileReference; explicitFileType = wrapper.cfbundle; includeInIndex = 0; path = TweeterTests.xctest; sourceTree = BUILT_PRODUCTS_DIR; };
		A513D91E1E9EFC41001329F1 /* TweeterTests.swift */ = {isa = PBXFileReference; lastKnownFileType = sourcecode.swift; path = TweeterTests.swift; sourceTree = "<group>"; };
		A513D9201E9EFC41001329F1 /* Info.plist */ = {isa = PBXFileReference; lastKnownFileType = text.plist.xml; path = Info.plist; sourceTree = "<group>"; };
		A513D9251E9EFC41001329F1 /* TweeterUITests.xctest */ = {isa = PBXFileReference; explicitFileType = wrapper.cfbundle; includeInIndex = 0; path = TweeterUITests.xctest; sourceTree = BUILT_PRODUCTS_DIR; };
		A513D9291E9EFC41001329F1 /* TweeterUITests.swift */ = {isa = PBXFileReference; lastKnownFileType = sourcecode.swift; path = TweeterUITests.swift; sourceTree = "<group>"; };
		A513D92B1E9EFC41001329F1 /* Info.plist */ = {isa = PBXFileReference; lastKnownFileType = text.plist.xml; path = Info.plist; sourceTree = "<group>"; };
		A513D9371E9EFFD8001329F1 /* LoginViewController.swift */ = {isa = PBXFileReference; fileEncoding = 4; lastKnownFileType = sourcecode.swift; path = LoginViewController.swift; sourceTree = "<group>"; };
		A513D9B61EA083B4001329F1 /* User.swift */ = {isa = PBXFileReference; fileEncoding = 4; lastKnownFileType = sourcecode.swift; path = User.swift; sourceTree = "<group>"; };
		A513D9B81EA083CD001329F1 /* Tweet.swift */ = {isa = PBXFileReference; fileEncoding = 4; lastKnownFileType = sourcecode.swift; path = Tweet.swift; sourceTree = "<group>"; };
		A513D9BA1EA1A15A001329F1 /* TwitterClient.swift */ = {isa = PBXFileReference; fileEncoding = 4; lastKnownFileType = sourcecode.swift; path = TwitterClient.swift; sourceTree = "<group>"; };
		A513D9BC1EA298D1001329F1 /* TweetsViewController.swift */ = {isa = PBXFileReference; fileEncoding = 4; lastKnownFileType = sourcecode.swift; path = TweetsViewController.swift; sourceTree = "<group>"; };
		A513D9BE1EA2A2BF001329F1 /* TweetCell.swift */ = {isa = PBXFileReference; fileEncoding = 4; lastKnownFileType = sourcecode.swift; path = TweetCell.swift; sourceTree = "<group>"; };
		A513D9C01EA3DF7C001329F1 /* ComposeViewController.swift */ = {isa = PBXFileReference; fileEncoding = 4; lastKnownFileType = sourcecode.swift; path = ComposeViewController.swift; sourceTree = "<group>"; };
		A513D9C21EA3DF9C001329F1 /* DetailViewController.swift */ = {isa = PBXFileReference; fileEncoding = 4; lastKnownFileType = sourcecode.swift; path = DetailViewController.swift; sourceTree = "<group>"; };
		A52D72131EA9866F004AC766 /* HamburgerViewController.swift */ = {isa = PBXFileReference; fileEncoding = 4; lastKnownFileType = sourcecode.swift; path = HamburgerViewController.swift; sourceTree = "<group>"; };
		A52D72141EA9866F004AC766 /* HamburgerViewController.xib */ = {isa = PBXFileReference; fileEncoding = 4; lastKnownFileType = file.xib; path = HamburgerViewController.xib; sourceTree = "<group>"; };
		A549E02D73FD2D6317DDA379 /* Pods_TweeterTests.framework */ = {isa = PBXFileReference; explicitFileType = wrapper.framework; includeInIndex = 0; path = Pods_TweeterTests.framework; sourceTree = BUILT_PRODUCTS_DIR; };
		BACE0788EBFCF3F8C1F3FE14 /* Pods-TweeterTests.debug.xcconfig */ = {isa = PBXFileReference; includeInIndex = 1; lastKnownFileType = text.xcconfig; name = "Pods-TweeterTests.debug.xcconfig"; path = "Pods/Target Support Files/Pods-TweeterTests/Pods-TweeterTests.debug.xcconfig"; sourceTree = "<group>"; };
		BB57987C4CE63BBEF5B06602 /* Pods-TweeterTests.release.xcconfig */ = {isa = PBXFileReference; includeInIndex = 1; lastKnownFileType = text.xcconfig; name = "Pods-TweeterTests.release.xcconfig"; path = "Pods/Target Support Files/Pods-TweeterTests/Pods-TweeterTests.release.xcconfig"; sourceTree = "<group>"; };
		BF6B06A2ECA2DEA619A2139A /* Pods_Tweeter.framework */ = {isa = PBXFileReference; explicitFileType = wrapper.framework; includeInIndex = 0; path = Pods_Tweeter.framework; sourceTree = BUILT_PRODUCTS_DIR; };
		D74AFDF4E492D67EE250B590 /* Pods-Tweeter.release.xcconfig */ = {isa = PBXFileReference; includeInIndex = 1; lastKnownFileType = text.xcconfig; name = "Pods-Tweeter.release.xcconfig"; path = "Pods/Target Support Files/Pods-Tweeter/Pods-Tweeter.release.xcconfig"; sourceTree = "<group>"; };
		DF1E00491FAF5E109B0A8FA5 /* Pods-TweeterUITests.debug.xcconfig */ = {isa = PBXFileReference; includeInIndex = 1; lastKnownFileType = text.xcconfig; name = "Pods-TweeterUITests.debug.xcconfig"; path = "Pods/Target Support Files/Pods-TweeterUITests/Pods-TweeterUITests.debug.xcconfig"; sourceTree = "<group>"; };
/* End PBXFileReference section */

/* Begin PBXFrameworksBuildPhase section */
		A513D9031E9EFC41001329F1 /* Frameworks */ = {
			isa = PBXFrameworksBuildPhase;
			buildActionMask = 2147483647;
			files = (
				49C219209396D8B2A5534913 /* Pods_Tweeter.framework in Frameworks */,
			);
			runOnlyForDeploymentPostprocessing = 0;
		};
		A513D9171E9EFC41001329F1 /* Frameworks */ = {
			isa = PBXFrameworksBuildPhase;
			buildActionMask = 2147483647;
			files = (
				713D2E9BA415365B543F3BFB /* Pods_TweeterTests.framework in Frameworks */,
			);
			runOnlyForDeploymentPostprocessing = 0;
		};
		A513D9221E9EFC41001329F1 /* Frameworks */ = {
			isa = PBXFrameworksBuildPhase;
			buildActionMask = 2147483647;
			files = (
				927F8F44021669F8343009F1 /* Pods_TweeterUITests.framework in Frameworks */,
			);
			runOnlyForDeploymentPostprocessing = 0;
		};
/* End PBXFrameworksBuildPhase section */

/* Begin PBXGroup section */
		1D1304479A39CA531F1B5B72 /* Pods */ = {
			isa = PBXGroup;
			children = (
				58E90BFE0E81BE55B8E1217A /* Pods-Tweeter.debug.xcconfig */,
				D74AFDF4E492D67EE250B590 /* Pods-Tweeter.release.xcconfig */,
				BACE0788EBFCF3F8C1F3FE14 /* Pods-TweeterTests.debug.xcconfig */,
				BB57987C4CE63BBEF5B06602 /* Pods-TweeterTests.release.xcconfig */,
				DF1E00491FAF5E109B0A8FA5 /* Pods-TweeterUITests.debug.xcconfig */,
				3462DBEB8D3A2405D9257751 /* Pods-TweeterUITests.release.xcconfig */,
			);
			name = Pods;
			sourceTree = "<group>";
		};
		A513D8FD1E9EFC41001329F1 = {
			isa = PBXGroup;
			children = (
				A513D9081E9EFC41001329F1 /* Tweeter */,
				A513D91D1E9EFC41001329F1 /* TweeterTests */,
				A513D9281E9EFC41001329F1 /* TweeterUITests */,
				A513D9071E9EFC41001329F1 /* Products */,
				1D1304479A39CA531F1B5B72 /* Pods */,
				FDB59FE2533C3B9FF3E8B965 /* Frameworks */,
			);
			sourceTree = "<group>";
		};
		A513D9071E9EFC41001329F1 /* Products */ = {
			isa = PBXGroup;
			children = (
				A513D9061E9EFC41001329F1 /* Tweeter.app */,
				A513D91A1E9EFC41001329F1 /* TweeterTests.xctest */,
				A513D9251E9EFC41001329F1 /* TweeterUITests.xctest */,
			);
			name = Products;
			sourceTree = "<group>";
		};
		A513D9081E9EFC41001329F1 /* Tweeter */ = {
			isa = PBXGroup;
			children = (
				A513D9B51EA08360001329F1 /* API */,
				A513D9B41EA08355001329F1 /* View Controllers */,
				A513D9B31EA08349001329F1 /* Models */,
				A513D9091E9EFC41001329F1 /* AppDelegate.swift */,
				A513D90D1E9EFC41001329F1 /* Main.storyboard */,
				A513D9101E9EFC41001329F1 /* Assets.xcassets */,
				A513D9121E9EFC41001329F1 /* LaunchScreen.storyboard */,
				A513D9151E9EFC41001329F1 /* Info.plist */,
			);
			path = Tweeter;
			sourceTree = "<group>";
		};
		A513D91D1E9EFC41001329F1 /* TweeterTests */ = {
			isa = PBXGroup;
			children = (
				A513D91E1E9EFC41001329F1 /* TweeterTests.swift */,
				A513D9201E9EFC41001329F1 /* Info.plist */,
			);
			path = TweeterTests;
			sourceTree = "<group>";
		};
		A513D9281E9EFC41001329F1 /* TweeterUITests */ = {
			isa = PBXGroup;
			children = (
				A513D9291E9EFC41001329F1 /* TweeterUITests.swift */,
				A513D92B1E9EFC41001329F1 /* Info.plist */,
			);
			path = TweeterUITests;
			sourceTree = "<group>";
		};
		A513D9B31EA08349001329F1 /* Models */ = {
			isa = PBXGroup;
			children = (
				A513D9B61EA083B4001329F1 /* User.swift */,
				A513D9B81EA083CD001329F1 /* Tweet.swift */,
				A513D9BE1EA2A2BF001329F1 /* TweetCell.swift */,
			);
			name = Models;
			sourceTree = "<group>";
		};
		A513D9B41EA08355001329F1 /* View Controllers */ = {
			isa = PBXGroup;
			children = (
				A513D9371E9EFFD8001329F1 /* LoginViewController.swift */,
				A513D9BC1EA298D1001329F1 /* TweetsViewController.swift */,
				A513D9C01EA3DF7C001329F1 /* ComposeViewController.swift */,
				A513D9C21EA3DF9C001329F1 /* DetailViewController.swift */,
				A52D72131EA9866F004AC766 /* HamburgerViewController.swift */,
				A52D72141EA9866F004AC766 /* HamburgerViewController.xib */,
			);
			name = "View Controllers";
			sourceTree = "<group>";
		};
		A513D9B51EA08360001329F1 /* API */ = {
			isa = PBXGroup;
			children = (
				A513D9BA1EA1A15A001329F1 /* TwitterClient.swift */,
			);
			name = API;
			sourceTree = "<group>";
		};
		FDB59FE2533C3B9FF3E8B965 /* Frameworks */ = {
			isa = PBXGroup;
			children = (
				BF6B06A2ECA2DEA619A2139A /* Pods_Tweeter.framework */,
				A549E02D73FD2D6317DDA379 /* Pods_TweeterTests.framework */,
				23AD051A324803A9F4620ED5 /* Pods_TweeterUITests.framework */,
			);
			name = Frameworks;
			sourceTree = "<group>";
		};
/* End PBXGroup section */

/* Begin PBXNativeTarget section */
		A513D9051E9EFC41001329F1 /* Tweeter */ = {
			isa = PBXNativeTarget;
			buildConfigurationList = A513D92E1E9EFC41001329F1 /* Build configuration list for PBXNativeTarget "Tweeter" */;
			buildPhases = (
				1CB03635ED35C7219825AB7A /* [CP] Check Pods Manifest.lock */,
				A513D9021E9EFC41001329F1 /* Sources */,
				A513D9031E9EFC41001329F1 /* Frameworks */,
				A513D9041E9EFC41001329F1 /* Resources */,
				5BAE2E436BA2CCB2BBA89CB3 /* [CP] Embed Pods Frameworks */,
				23C39F30AE33108EE5288FD3 /* [CP] Copy Pods Resources */,
			);
			buildRules = (
			);
			dependencies = (
			);
			name = Tweeter;
			productName = Tweeter;
			productReference = A513D9061E9EFC41001329F1 /* Tweeter.app */;
			productType = "com.apple.product-type.application";
		};
		A513D9191E9EFC41001329F1 /* TweeterTests */ = {
			isa = PBXNativeTarget;
			buildConfigurationList = A513D9311E9EFC41001329F1 /* Build configuration list for PBXNativeTarget "TweeterTests" */;
			buildPhases = (
				A91B9D0D9F27ED59D03BC26A /* [CP] Check Pods Manifest.lock */,
				A513D9161E9EFC41001329F1 /* Sources */,
				A513D9171E9EFC41001329F1 /* Frameworks */,
				A513D9181E9EFC41001329F1 /* Resources */,
				A60FEF221CABCD1A8FC17005 /* [CP] Embed Pods Frameworks */,
				23C307CAE2DF0B1DE5F860E8 /* [CP] Copy Pods Resources */,
			);
			buildRules = (
			);
			dependencies = (
				A513D91C1E9EFC41001329F1 /* PBXTargetDependency */,
			);
			name = TweeterTests;
			productName = TweeterTests;
			productReference = A513D91A1E9EFC41001329F1 /* TweeterTests.xctest */;
			productType = "com.apple.product-type.bundle.unit-test";
		};
		A513D9241E9EFC41001329F1 /* TweeterUITests */ = {
			isa = PBXNativeTarget;
			buildConfigurationList = A513D9341E9EFC41001329F1 /* Build configuration list for PBXNativeTarget "TweeterUITests" */;
			buildPhases = (
				D23D09C81ED33C55B2F9F67C /* [CP] Check Pods Manifest.lock */,
				A513D9211E9EFC41001329F1 /* Sources */,
				A513D9221E9EFC41001329F1 /* Frameworks */,
				A513D9231E9EFC41001329F1 /* Resources */,
				D7CDCA5885808DC94B714DCE /* [CP] Embed Pods Frameworks */,
				A37A59135302F4883A62ED90 /* [CP] Copy Pods Resources */,
			);
			buildRules = (
			);
			dependencies = (
				A513D9271E9EFC41001329F1 /* PBXTargetDependency */,
			);
			name = TweeterUITests;
			productName = TweeterUITests;
			productReference = A513D9251E9EFC41001329F1 /* TweeterUITests.xctest */;
			productType = "com.apple.product-type.bundle.ui-testing";
		};
/* End PBXNativeTarget section */

/* Begin PBXProject section */
		A513D8FE1E9EFC41001329F1 /* Project object */ = {
			isa = PBXProject;
			attributes = {
				LastSwiftUpdateCheck = 0820;
				LastUpgradeCheck = 0820;
				ORGANIZATIONNAME = "Rui Mao";
				TargetAttributes = {
					A513D9051E9EFC41001329F1 = {
						CreatedOnToolsVersion = 8.2.1;
						DevelopmentTeam = BDVS636UPQ;
						ProvisioningStyle = Automatic;
					};
					A513D9191E9EFC41001329F1 = {
						CreatedOnToolsVersion = 8.2.1;
						DevelopmentTeam = BDVS636UPQ;
						ProvisioningStyle = Automatic;
						TestTargetID = A513D9051E9EFC41001329F1;
					};
					A513D9241E9EFC41001329F1 = {
						CreatedOnToolsVersion = 8.2.1;
						DevelopmentTeam = BDVS636UPQ;
						ProvisioningStyle = Automatic;
						TestTargetID = A513D9051E9EFC41001329F1;
					};
				};
			};
			buildConfigurationList = A513D9011E9EFC41001329F1 /* Build configuration list for PBXProject "Tweeter" */;
			compatibilityVersion = "Xcode 3.2";
			developmentRegion = English;
			hasScannedForEncodings = 0;
			knownRegions = (
				en,
				Base,
			);
			mainGroup = A513D8FD1E9EFC41001329F1;
			productRefGroup = A513D9071E9EFC41001329F1 /* Products */;
			projectDirPath = "";
			projectRoot = "";
			targets = (
				A513D9051E9EFC41001329F1 /* Tweeter */,
				A513D9191E9EFC41001329F1 /* TweeterTests */,
				A513D9241E9EFC41001329F1 /* TweeterUITests */,
			);
		};
/* End PBXProject section */

/* Begin PBXResourcesBuildPhase section */
		A513D9041E9EFC41001329F1 /* Resources */ = {
			isa = PBXResourcesBuildPhase;
			buildActionMask = 2147483647;
			files = (
				A52D72161EA9866F004AC766 /* HamburgerViewController.xib in Resources */,
				A513D9141E9EFC41001329F1 /* LaunchScreen.storyboard in Resources */,
				A513D9111E9EFC41001329F1 /* Assets.xcassets in Resources */,
				A513D90F1E9EFC41001329F1 /* Main.storyboard in Resources */,
			);
			runOnlyForDeploymentPostprocessing = 0;
		};
		A513D9181E9EFC41001329F1 /* Resources */ = {
			isa = PBXResourcesBuildPhase;
			buildActionMask = 2147483647;
			files = (
			);
			runOnlyForDeploymentPostprocessing = 0;
		};
		A513D9231E9EFC41001329F1 /* Resources */ = {
			isa = PBXResourcesBuildPhase;
			buildActionMask = 2147483647;
			files = (
			);
			runOnlyForDeploymentPostprocessing = 0;
		};
/* End PBXResourcesBuildPhase section */

/* Begin PBXShellScriptBuildPhase section */
		1CB03635ED35C7219825AB7A /* [CP] Check Pods Manifest.lock */ = {
			isa = PBXShellScriptBuildPhase;
			buildActionMask = 2147483647;
			files = (
			);
			inputPaths = (
			);
			name = "[CP] Check Pods Manifest.lock";
			outputPaths = (
			);
			runOnlyForDeploymentPostprocessing = 0;
			shellPath = /bin/sh;
			shellScript = "diff \"${PODS_ROOT}/../Podfile.lock\" \"${PODS_ROOT}/Manifest.lock\" > /dev/null\nif [ $? != 0 ] ; then\n    # print error to STDERR\n    echo \"error: The sandbox is not in sync with the Podfile.lock. Run 'pod install' or update your CocoaPods installation.\" >&2\n    exit 1\nfi\n";
			showEnvVarsInLog = 0;
		};
		23C307CAE2DF0B1DE5F860E8 /* [CP] Copy Pods Resources */ = {
			isa = PBXShellScriptBuildPhase;
			buildActionMask = 2147483647;
			files = (
			);
			inputPaths = (
			);
			name = "[CP] Copy Pods Resources";
			outputPaths = (
			);
			runOnlyForDeploymentPostprocessing = 0;
			shellPath = /bin/sh;
			shellScript = "\"${SRCROOT}/Pods/Target Support Files/Pods-TweeterTests/Pods-TweeterTests-resources.sh\"\n";
			showEnvVarsInLog = 0;
		};
		23C39F30AE33108EE5288FD3 /* [CP] Copy Pods Resources */ = {
			isa = PBXShellScriptBuildPhase;
			buildActionMask = 2147483647;
			files = (
			);
			inputPaths = (
			);
			name = "[CP] Copy Pods Resources";
			outputPaths = (
			);
			runOnlyForDeploymentPostprocessing = 0;
			shellPath = /bin/sh;
			shellScript = "\"${SRCROOT}/Pods/Target Support Files/Pods-Tweeter/Pods-Tweeter-resources.sh\"\n";
			showEnvVarsInLog = 0;
		};
		5BAE2E436BA2CCB2BBA89CB3 /* [CP] Embed Pods Frameworks */ = {
			isa = PBXShellScriptBuildPhase;
			buildActionMask = 2147483647;
			files = (
			);
			inputPaths = (
			);
			name = "[CP] Embed Pods Frameworks";
			outputPaths = (
			);
			runOnlyForDeploymentPostprocessing = 0;
			shellPath = /bin/sh;
			shellScript = "\"${SRCROOT}/Pods/Target Support Files/Pods-Tweeter/Pods-Tweeter-frameworks.sh\"\n";
			showEnvVarsInLog = 0;
		};
		A37A59135302F4883A62ED90 /* [CP] Copy Pods Resources */ = {
			isa = PBXShellScriptBuildPhase;
			buildActionMask = 2147483647;
			files = (
			);
			inputPaths = (
			);
			name = "[CP] Copy Pods Resources";
			outputPaths = (
			);
			runOnlyForDeploymentPostprocessing = 0;
			shellPath = /bin/sh;
			shellScript = "\"${SRCROOT}/Pods/Target Support Files/Pods-TweeterUITests/Pods-TweeterUITests-resources.sh\"\n";
			showEnvVarsInLog = 0;
		};
		A60FEF221CABCD1A8FC17005 /* [CP] Embed Pods Frameworks */ = {
			isa = PBXShellScriptBuildPhase;
			buildActionMask = 2147483647;
			files = (
			);
			inputPaths = (
			);
			name = "[CP] Embed Pods Frameworks";
			outputPaths = (
			);
			runOnlyForDeploymentPostprocessing = 0;
			shellPath = /bin/sh;
			shellScript = "\"${SRCROOT}/Pods/Target Support Files/Pods-TweeterTests/Pods-TweeterTests-frameworks.sh\"\n";
			showEnvVarsInLog = 0;
		};
		A91B9D0D9F27ED59D03BC26A /* [CP] Check Pods Manifest.lock */ = {
			isa = PBXShellScriptBuildPhase;
			buildActionMask = 2147483647;
			files = (
			);
			inputPaths = (
			);
			name = "[CP] Check Pods Manifest.lock";
			outputPaths = (
			);
			runOnlyForDeploymentPostprocessing = 0;
			shellPath = /bin/sh;
			shellScript = "diff \"${PODS_ROOT}/../Podfile.lock\" \"${PODS_ROOT}/Manifest.lock\" > /dev/null\nif [ $? != 0 ] ; then\n    # print error to STDERR\n    echo \"error: The sandbox is not in sync with the Podfile.lock. Run 'pod install' or update your CocoaPods installation.\" >&2\n    exit 1\nfi\n";
			showEnvVarsInLog = 0;
		};
		D23D09C81ED33C55B2F9F67C /* [CP] Check Pods Manifest.lock */ = {
			isa = PBXShellScriptBuildPhase;
			buildActionMask = 2147483647;
			files = (
			);
			inputPaths = (
			);
			name = "[CP] Check Pods Manifest.lock";
			outputPaths = (
			);
			runOnlyForDeploymentPostprocessing = 0;
			shellPath = /bin/sh;
			shellScript = "diff \"${PODS_ROOT}/../Podfile.lock\" \"${PODS_ROOT}/Manifest.lock\" > /dev/null\nif [ $? != 0 ] ; then\n    # print error to STDERR\n    echo \"error: The sandbox is not in sync with the Podfile.lock. Run 'pod install' or update your CocoaPods installation.\" >&2\n    exit 1\nfi\n";
			showEnvVarsInLog = 0;
		};
		D7CDCA5885808DC94B714DCE /* [CP] Embed Pods Frameworks */ = {
			isa = PBXShellScriptBuildPhase;
			buildActionMask = 2147483647;
			files = (
			);
			inputPaths = (
			);
			name = "[CP] Embed Pods Frameworks";
			outputPaths = (
			);
			runOnlyForDeploymentPostprocessing = 0;
			shellPath = /bin/sh;
			shellScript = "\"${SRCROOT}/Pods/Target Support Files/Pods-TweeterUITests/Pods-TweeterUITests-frameworks.sh\"\n";
			showEnvVarsInLog = 0;
		};
/* End PBXShellScriptBuildPhase section */

/* Begin PBXSourcesBuildPhase section */
		A513D9021E9EFC41001329F1 /* Sources */ = {
			isa = PBXSourcesBuildPhase;
			buildActionMask = 2147483647;
			files = (
				A513D9CB1EA49ABB001329F1 /* DetailViewController.swift in Sources */,
				A513D9B71EA083B4001329F1 /* User.swift in Sources */,
				A513D9BF1EA2A2BF001329F1 /* TweetCell.swift in Sources */,
				A513D9B91EA083CD001329F1 /* Tweet.swift in Sources */,
				A513D9C11EA3DF7C001329F1 /* ComposeViewController.swift in Sources */,
				A513D9381E9EFFD8001329F1 /* LoginViewController.swift in Sources */,
				A513D9BD1EA298D1001329F1 /* TweetsViewController.swift in Sources */,
				A513D9BB1EA1A15A001329F1 /* TwitterClient.swift in Sources */,
				A52D72151EA9866F004AC766 /* HamburgerViewController.swift in Sources */,
				A513D90A1E9EFC41001329F1 /* AppDelegate.swift in Sources */,
			);
			runOnlyForDeploymentPostprocessing = 0;
		};
		A513D9161E9EFC41001329F1 /* Sources */ = {
			isa = PBXSourcesBuildPhase;
			buildActionMask = 2147483647;
			files = (
				A513D91F1E9EFC41001329F1 /* TweeterTests.swift in Sources */,
			);
			runOnlyForDeploymentPostprocessing = 0;
		};
		A513D9211E9EFC41001329F1 /* Sources */ = {
			isa = PBXSourcesBuildPhase;
			buildActionMask = 2147483647;
			files = (
				A513D92A1E9EFC41001329F1 /* TweeterUITests.swift in Sources */,
			);
			runOnlyForDeploymentPostprocessing = 0;
		};
/* End PBXSourcesBuildPhase section */

/* Begin PBXTargetDependency section */
		A513D91C1E9EFC41001329F1 /* PBXTargetDependency */ = {
			isa = PBXTargetDependency;
			target = A513D9051E9EFC41001329F1 /* Tweeter */;
			targetProxy = A513D91B1E9EFC41001329F1 /* PBXContainerItemProxy */;
		};
		A513D9271E9EFC41001329F1 /* PBXTargetDependency */ = {
			isa = PBXTargetDependency;
			target = A513D9051E9EFC41001329F1 /* Tweeter */;
			targetProxy = A513D9261E9EFC41001329F1 /* PBXContainerItemProxy */;
		};
/* End PBXTargetDependency section */

/* Begin PBXVariantGroup section */
		A513D90D1E9EFC41001329F1 /* Main.storyboard */ = {
			isa = PBXVariantGroup;
			children = (
				A513D90E1E9EFC41001329F1 /* Base */,
			);
			name = Main.storyboard;
			sourceTree = "<group>";
		};
		A513D9121E9EFC41001329F1 /* LaunchScreen.storyboard */ = {
			isa = PBXVariantGroup;
			children = (
				A513D9131E9EFC41001329F1 /* Base */,
			);
			name = LaunchScreen.storyboard;
			sourceTree = "<group>";
		};
/* End PBXVariantGroup section */

/* Begin XCBuildConfiguration section */
		A513D92C1E9EFC41001329F1 /* Debug */ = {
			isa = XCBuildConfiguration;
			buildSettings = {
				ALWAYS_SEARCH_USER_PATHS = NO;
				CLANG_ANALYZER_NONNULL = YES;
				CLANG_CXX_LANGUAGE_STANDARD = "gnu++0x";
				CLANG_CXX_LIBRARY = "libc++";
				CLANG_ENABLE_MODULES = YES;
				CLANG_ENABLE_OBJC_ARC = YES;
				CLANG_WARN_BOOL_CONVERSION = YES;
				CLANG_WARN_CONSTANT_CONVERSION = YES;
				CLANG_WARN_DIRECT_OBJC_ISA_USAGE = YES_ERROR;
				CLANG_WARN_DOCUMENTATION_COMMENTS = YES;
				CLANG_WARN_EMPTY_BODY = YES;
				CLANG_WARN_ENUM_CONVERSION = YES;
				CLANG_WARN_INFINITE_RECURSION = YES;
				CLANG_WARN_INT_CONVERSION = YES;
				CLANG_WARN_OBJC_ROOT_CLASS = YES_ERROR;
				CLANG_WARN_SUSPICIOUS_MOVE = YES;
				CLANG_WARN_UNREACHABLE_CODE = YES;
				CLANG_WARN__DUPLICATE_METHOD_MATCH = YES;
				"CODE_SIGN_IDENTITY[sdk=iphoneos*]" = "iPhone Developer";
				COPY_PHASE_STRIP = NO;
				DEBUG_INFORMATION_FORMAT = dwarf;
				ENABLE_STRICT_OBJC_MSGSEND = YES;
				ENABLE_TESTABILITY = YES;
				GCC_C_LANGUAGE_STANDARD = gnu99;
				GCC_DYNAMIC_NO_PIC = NO;
				GCC_NO_COMMON_BLOCKS = YES;
				GCC_OPTIMIZATION_LEVEL = 0;
				GCC_PREPROCESSOR_DEFINITIONS = (
					"DEBUG=1",
					"$(inherited)",
				);
				GCC_WARN_64_TO_32_BIT_CONVERSION = YES;
				GCC_WARN_ABOUT_RETURN_TYPE = YES_ERROR;
				GCC_WARN_UNDECLARED_SELECTOR = YES;
				GCC_WARN_UNINITIALIZED_AUTOS = YES_AGGRESSIVE;
				GCC_WARN_UNUSED_FUNCTION = YES;
				GCC_WARN_UNUSED_VARIABLE = YES;
				IPHONEOS_DEPLOYMENT_TARGET = 10.2;
				MTL_ENABLE_DEBUG_INFO = YES;
				ONLY_ACTIVE_ARCH = YES;
				SDKROOT = iphoneos;
				SWIFT_ACTIVE_COMPILATION_CONDITIONS = DEBUG;
				SWIFT_OPTIMIZATION_LEVEL = "-Onone";
			};
			name = Debug;
		};
		A513D92D1E9EFC41001329F1 /* Release */ = {
			isa = XCBuildConfiguration;
			buildSettings = {
				ALWAYS_SEARCH_USER_PATHS = NO;
				CLANG_ANALYZER_NONNULL = YES;
				CLANG_CXX_LANGUAGE_STANDARD = "gnu++0x";
				CLANG_CXX_LIBRARY = "libc++";
				CLANG_ENABLE_MODULES = YES;
				CLANG_ENABLE_OBJC_ARC = YES;
				CLANG_WARN_BOOL_CONVERSION = YES;
				CLANG_WARN_CONSTANT_CONVERSION = YES;
				CLANG_WARN_DIRECT_OBJC_ISA_USAGE = YES_ERROR;
				CLANG_WARN_DOCUMENTATION_COMMENTS = YES;
				CLANG_WARN_EMPTY_BODY = YES;
				CLANG_WARN_ENUM_CONVERSION = YES;
				CLANG_WARN_INFINITE_RECURSION = YES;
				CLANG_WARN_INT_CONVERSION = YES;
				CLANG_WARN_OBJC_ROOT_CLASS = YES_ERROR;
				CLANG_WARN_SUSPICIOUS_MOVE = YES;
				CLANG_WARN_UNREACHABLE_CODE = YES;
				CLANG_WARN__DUPLICATE_METHOD_MATCH = YES;
				"CODE_SIGN_IDENTITY[sdk=iphoneos*]" = "iPhone Developer";
				COPY_PHASE_STRIP = NO;
				DEBUG_INFORMATION_FORMAT = "dwarf-with-dsym";
				ENABLE_NS_ASSERTIONS = NO;
				ENABLE_STRICT_OBJC_MSGSEND = YES;
				GCC_C_LANGUAGE_STANDARD = gnu99;
				GCC_NO_COMMON_BLOCKS = YES;
				GCC_WARN_64_TO_32_BIT_CONVERSION = YES;
				GCC_WARN_ABOUT_RETURN_TYPE = YES_ERROR;
				GCC_WARN_UNDECLARED_SELECTOR = YES;
				GCC_WARN_UNINITIALIZED_AUTOS = YES_AGGRESSIVE;
				GCC_WARN_UNUSED_FUNCTION = YES;
				GCC_WARN_UNUSED_VARIABLE = YES;
				IPHONEOS_DEPLOYMENT_TARGET = 10.2;
				MTL_ENABLE_DEBUG_INFO = NO;
				SDKROOT = iphoneos;
				SWIFT_OPTIMIZATION_LEVEL = "-Owholemodule";
				VALIDATE_PRODUCT = YES;
			};
			name = Release;
		};
		A513D92F1E9EFC41001329F1 /* Debug */ = {
			isa = XCBuildConfiguration;
			baseConfigurationReference = 58E90BFE0E81BE55B8E1217A /* Pods-Tweeter.debug.xcconfig */;
			buildSettings = {
				ASSETCATALOG_COMPILER_APPICON_NAME = AppIcon;
				DEVELOPMENT_TEAM = BDVS636UPQ;
				INFOPLIST_FILE = Tweeter/Info.plist;
				LD_RUNPATH_SEARCH_PATHS = "$(inherited) @executable_path/Frameworks";
				PRODUCT_BUNDLE_IDENTIFIER = rmao.Tweeter;
				PRODUCT_NAME = "$(TARGET_NAME)";
				SWIFT_VERSION = 3.0;
			};
			name = Debug;
		};
		A513D9301E9EFC41001329F1 /* Release */ = {
			isa = XCBuildConfiguration;
			baseConfigurationReference = D74AFDF4E492D67EE250B590 /* Pods-Tweeter.release.xcconfig */;
			buildSettings = {
				ASSETCATALOG_COMPILER_APPICON_NAME = AppIcon;
				DEVELOPMENT_TEAM = BDVS636UPQ;
				INFOPLIST_FILE = Tweeter/Info.plist;
				LD_RUNPATH_SEARCH_PATHS = "$(inherited) @executable_path/Frameworks";
				PRODUCT_BUNDLE_IDENTIFIER = rmao.Tweeter;
				PRODUCT_NAME = "$(TARGET_NAME)";
				SWIFT_VERSION = 3.0;
			};
			name = Release;
		};
		A513D9321E9EFC41001329F1 /* Debug */ = {
			isa = XCBuildConfiguration;
			baseConfigurationReference = BACE0788EBFCF3F8C1F3FE14 /* Pods-TweeterTests.debug.xcconfig */;
			buildSettings = {
				ALWAYS_EMBED_SWIFT_STANDARD_LIBRARIES = YES;
				BUNDLE_LOADER = "$(TEST_HOST)";
				DEVELOPMENT_TEAM = BDVS636UPQ;
				INFOPLIST_FILE = TweeterTests/Info.plist;
				LD_RUNPATH_SEARCH_PATHS = "$(inherited) @executable_path/Frameworks @loader_path/Frameworks";
				PRODUCT_BUNDLE_IDENTIFIER = rmao.TweeterTests;
				PRODUCT_NAME = "$(TARGET_NAME)";
				SWIFT_VERSION = 3.0;
				TEST_HOST = "$(BUILT_PRODUCTS_DIR)/Tweeter.app/Tweeter";
			};
			name = Debug;
		};
		A513D9331E9EFC41001329F1 /* Release */ = {
			isa = XCBuildConfiguration;
			baseConfigurationReference = BB57987C4CE63BBEF5B06602 /* Pods-TweeterTests.release.xcconfig */;
			buildSettings = {
				ALWAYS_EMBED_SWIFT_STANDARD_LIBRARIES = YES;
				BUNDLE_LOADER = "$(TEST_HOST)";
				DEVELOPMENT_TEAM = BDVS636UPQ;
				INFOPLIST_FILE = TweeterTests/Info.plist;
				LD_RUNPATH_SEARCH_PATHS = "$(inherited) @executable_path/Frameworks @loader_path/Frameworks";
				PRODUCT_BUNDLE_IDENTIFIER = rmao.TweeterTests;
				PRODUCT_NAME = "$(TARGET_NAME)";
				SWIFT_VERSION = 3.0;
				TEST_HOST = "$(BUILT_PRODUCTS_DIR)/Tweeter.app/Tweeter";
			};
			name = Release;
		};
		A513D9351E9EFC41001329F1 /* Debug */ = {
			isa = XCBuildConfiguration;
			baseConfigurationReference = DF1E00491FAF5E109B0A8FA5 /* Pods-TweeterUITests.debug.xcconfig */;
			buildSettings = {
				ALWAYS_EMBED_SWIFT_STANDARD_LIBRARIES = YES;
				DEVELOPMENT_TEAM = BDVS636UPQ;
				INFOPLIST_FILE = TweeterUITests/Info.plist;
				LD_RUNPATH_SEARCH_PATHS = "$(inherited) @executable_path/Frameworks @loader_path/Frameworks";
				PRODUCT_BUNDLE_IDENTIFIER = rmao.TweeterUITests;
				PRODUCT_NAME = "$(TARGET_NAME)";
				SWIFT_VERSION = 3.0;
				TEST_TARGET_NAME = Tweeter;
			};
			name = Debug;
		};
		A513D9361E9EFC41001329F1 /* Release */ = {
			isa = XCBuildConfiguration;
			baseConfigurationReference = 3462DBEB8D3A2405D9257751 /* Pods-TweeterUITests.release.xcconfig */;
			buildSettings = {
				ALWAYS_EMBED_SWIFT_STANDARD_LIBRARIES = YES;
				DEVELOPMENT_TEAM = BDVS636UPQ;
				INFOPLIST_FILE = TweeterUITests/Info.plist;
				LD_RUNPATH_SEARCH_PATHS = "$(inherited) @executable_path/Frameworks @loader_path/Frameworks";
				PRODUCT_BUNDLE_IDENTIFIER = rmao.TweeterUITests;
				PRODUCT_NAME = "$(TARGET_NAME)";
				SWIFT_VERSION = 3.0;
				TEST_TARGET_NAME = Tweeter;
			};
			name = Release;
		};
/* End XCBuildConfiguration section */

/* Begin XCConfigurationList section */
		A513D9011E9EFC41001329F1 /* Build configuration list for PBXProject "Tweeter" */ = {
			isa = XCConfigurationList;
			buildConfigurations = (
				A513D92C1E9EFC41001329F1 /* Debug */,
				A513D92D1E9EFC41001329F1 /* Release */,
			);
			defaultConfigurationIsVisible = 0;
			defaultConfigurationName = Release;
		};
		A513D92E1E9EFC41001329F1 /* Build configuration list for PBXNativeTarget "Tweeter" */ = {
			isa = XCConfigurationList;
			buildConfigurations = (
				A513D92F1E9EFC41001329F1 /* Debug */,
				A513D9301E9EFC41001329F1 /* Release */,
			);
			defaultConfigurationIsVisible = 0;
			defaultConfigurationName = Release;
		};
		A513D9311E9EFC41001329F1 /* Build configuration list for PBXNativeTarget "TweeterTests" */ = {
			isa = XCConfigurationList;
			buildConfigurations = (
				A513D9321E9EFC41001329F1 /* Debug */,
				A513D9331E9EFC41001329F1 /* Release */,
			);
			defaultConfigurationIsVisible = 0;
			defaultConfigurationName = Release;
		};
		A513D9341E9EFC41001329F1 /* Build configuration list for PBXNativeTarget "TweeterUITests" */ = {
			isa = XCConfigurationList;
			buildConfigurations = (
				A513D9351E9EFC41001329F1 /* Debug */,
				A513D9361E9EFC41001329F1 /* Release */,
			);
			defaultConfigurationIsVisible = 0;
			defaultConfigurationName = Release;
		};
/* End XCConfigurationList section */
	};
	rootObject = A513D8FE1E9EFC41001329F1 /* Project object */;
}
